
Microsoft Visual Studio Solution File, Format Version 12.00
# Visual Studio Version 17
VisualStudioVersion = 17.7.34024.191
MinimumVisualStudioVersion = 10.0.40219.1
Project("{FAE04EC0-301F-11D3-BF4B-00C04F79EFBC}") = "MyWebApplication", "MyWebApplication\MyWebApplication.csproj", "{A157639B-C240-4C32-A429-693AD18CA0C5}"
EndProject
Global
	GlobalSection(SolutionConfigurationPlatforms) = preSolution
		Debug|Any CPU = Debug|Any CPU
		Release|Any CPU = Release|Any CPU
	EndGlobalSection
	GlobalSection(ProjectConfigurationPlatforms) = postSolution
		{A157639B-C240-4C32-A429-693AD18CA0C5}.Debug|Any CPU.ActiveCfg = Debug|Any CPU
		{A157639B-C240-4C32-A429-693AD18CA0C5}.Debug|Any CPU.Build.0 = Debug|Any CPU
		{A157639B-C240-4C32-A429-693AD18CA0C5}.Release|Any CPU.ActiveCfg = Release|Any CPU
		{A157639B-C240-4C32-A429-693AD18CA0C5}.Release|Any CPU.Build.0 = Release|Any CPU
	EndGlobalSection
	GlobalSection(SolutionProperties) = preSolution
		HideSolutionNode = FALSE
	EndGlobalSection
	GlobalSection(ExtensibilityGlobals) = postSolution
		SolutionGuid = {76E53918-1708-416C-9BB7-E8FAE0E7DBC9}
	EndGlobalSection
EndGlobal
